PODS:
  - Alamofire (5.4.1)
  - Analytics (4.1.2)
  - CarbonKit (2.3.1)
  - Firebase/CoreOnly (7.4.0):
    - FirebaseCore (= 7.4.0)
  - Firebase/Messaging (7.4.0):
    - Firebase/CoreOnly
    - FirebaseMessaging (~> 7.4.0)
  - FirebaseCore (7.4.0):
    - FirebaseCoreDiagnostics (~> 7.4)
    - GoogleUtilities/Environment (~> 7.0)
    - GoogleUtilities/Logger (~> 7.0)
  - FirebaseCoreDiagnostics (7.4.0):
    - GoogleDataTransport (~> 8.0)
    - GoogleUtilities/Environment (~> 7.0)
    - GoogleUtilities/Logger (~> 7.0)
    - nanopb (~> 2.30907.0)
  - FirebaseInstallations (7.4.0):
    - FirebaseCore (~> 7.0)
    - GoogleUtilities/Environment (~> 7.0)
    - GoogleUtilities/UserDefaults (~> 7.0)
    - PromisesObjC (~> 1.2)
  - FirebaseInstanceID (7.4.0):
    - FirebaseCore (~> 7.0)
    - FirebaseInstallations (~> 7.0)
    - GoogleUtilities/Environment (~> 7.0)
    - GoogleUtilities/UserDefaults (~> 7.0)
  - FirebaseMessaging (7.4.0):
    - FirebaseCore (~> 7.0)
    - FirebaseInstanceID (~> 7.0)
    - GoogleUtilities/AppDelegateSwizzler (~> 7.0)
    - GoogleUtilities/Environment (~> 7.0)
    - GoogleUtilities/Reachability (~> 7.0)
    - GoogleUtilities/UserDefaults (~> 7.0)
  - google-cast-sdk-no-bluetooth (4.5.3):
    - google-cast-sdk-no-bluetooth/Core (= 4.5.3)
    - GTMSessionFetcher/Core (~> 1.1)
    - Protobuf (~> 3.13)
  - google-cast-sdk-no-bluetooth/Core (4.5.3):
    - GTMSessionFetcher/Core (~> 1.1)
    - Protobuf (~> 3.13)
  - GoogleDataTransport (8.2.0):
    - nanopb (~> 2.30907.0)
  - GoogleUtilities/AppDelegateSwizzler (7.2.0):
    - GoogleUtilities/Environment
    - GoogleUtilities/Logger
    - GoogleUtilities/Network
  - GoogleUtilities/Environment (7.2.0):
    - PromisesObjC (~> 1.2)
  - GoogleUtilities/Logger (7.2.0):
    - GoogleUtilities/Environment
  - GoogleUtilities/Network (7.2.0):
    - GoogleUtilities/Logger
    - "GoogleUtilities/NSData+zlib"
    - GoogleUtilities/Reachability
  - "GoogleUtilities/NSData+zlib (7.2.0)"
  - GoogleUtilities/Reachability (7.2.0):
    - GoogleUtilities/Logger
  - GoogleUtilities/UserDefaults (7.2.0):
    - GoogleUtilities/Logger
  - GTMSessionFetcher/Core (1.5.0)
  - IQKeyboardManagerSwift (6.5.6)
  - JWPlayer-SDK (3.19.1)
  - libwebp (1.1.0):
    - libwebp/demux (= 1.1.0)
    - libwebp/mux (= 1.1.0)
    - libwebp/webp (= 1.1.0)
  - libwebp/demux (1.1.0):
    - libwebp/webp
  - libwebp/mux (1.1.0):
    - libwebp/demux
  - libwebp/webp (1.1.0)
  - nanopb (2.30907.0):
    - nanopb/decode (= 2.30907.0)
    - nanopb/encode (= 2.30907.0)
  - nanopb/decode (2.30907.0)
  - nanopb/encode (2.30907.0)
  - NewRelicAgent (7.2.1)
  - ObjectMapper (4.2.0)
  - PanModal (1.2.7)
  - PromisesObjC (1.2.12)
  - Protobuf (3.14.0)
  - SDWebImage (5.10.2):
    - SDWebImage/Core (= 5.10.2)
  - SDWebImage/Core (5.10.2)
  - SDWebImageWebPCoder (0.8.1):
    - libwebp (~> 1.0)
    - SDWebImage/Core (~> 5.10)
  - SwiftyJSON (5.0.0)
  - SWRevealViewController (2.3.0)
  - XLPagerTabStrip (8.1.1)

DEPENDENCIES:
  - Alamofire
  - Analytics (~> 4.1)
  - CarbonKit
  - Firebase/Messaging
  - google-cast-sdk-no-bluetooth
  - IQKeyboardManagerSwift
  - JWPlayer-SDK
  - NewRelicAgent
  - ObjectMapper
  - PanModal
  - SDWebImage
  - SDWebImageWebPCoder
  - SwiftyJSON
  - SWRevealViewController
  - XLPagerTabStrip (~> 8.0)

SPEC REPOS:
  trunk:
    - Alamofire
    - Analytics
    - CarbonKit
    - Firebase
    - FirebaseCore
    - FirebaseCoreDiagnostics
    - FirebaseInstallations
    - FirebaseInstanceID
    - FirebaseMessaging
    - google-cast-sdk-no-bluetooth
    - GoogleDataTransport
    - GoogleUtilities
    - GTMSessionFetcher
    - IQKeyboardManagerSwift
    - JWPlayer-SDK
    - libwebp
    - nanopb
    - NewRelicAgent
    - ObjectMapper
    - PanModal
    - PromisesObjC
    - Protobuf
    - SDWebImage
    - SDWebImageWebPCoder
    - SwiftyJSON
    - SWRevealViewController
    - XLPagerTabStrip

SPEC CHECKSUMS:
  Alamofire: 2291f7d21ca607c491dd17642e5d40fdcda0e65c
  Analytics: 177da2c597aba83a6882b706ca6e0a071fd7cd26
  CarbonKit: b60e24dbdb47179990d5e074efa87ab819c8de98
  Firebase: 09fb40287b6dfc8ee65f726fa0b788719d3f2a07
  FirebaseCore: 99c06e5a1e8d6952e75cb1f0a6d0b23c0f5ccdcf
  FirebaseCoreDiagnostics: 3770093ac4f2be4590fa03cfa1d3a6e5602d4557
  FirebaseInstallations: 30646fc9a61c6f4ee3cd7a8b7231721842b40c95
  FirebaseInstanceID: 46d93d287108246fabbd85371ca27141d2c21ff9
  FirebaseMessaging: 6112b5cd04e0ff58c4a9920e5e29cf193ea88439
  google-cast-sdk-no-bluetooth: 815df973d547e06a90768f4a72220950cd32d8cb
  GoogleDataTransport: 1024b1a4dfbd7a0e92cb20d7e0a6f1fb66b449a4
  GoogleUtilities: d866834472f1324d080496bc67ab3ce5d0d46027
  GTMSessionFetcher: b3503b20a988c4e20cc189aa798fd18220133f52
  IQKeyboardManagerSwift: c7df9d2deb356c04522f5c4b7b6e4ce4d8ed94fe
  JWPlayer-SDK: 8cebd2d86bcaa6c505d0bb07260b5c9e668ab257
  libwebp: 946cb3063cea9236285f7e9a8505d806d30e07f3
  nanopb: 59221d7f958fb711001e6a449489542d92ae113e
  NewRelicAgent: 5bdff9c0e3de85eb95c54ffc2262f3e23e3d71ba
  ObjectMapper: 1eb41f610210777375fa806bf161dc39fb832b81
  PanModal: 3e16ead1a907fb06f4df3f13492fd00149fa4974
  PromisesObjC: 3113f7f76903778cf4a0586bd1ab89329a0b7b97
  Protobuf: 0cde852566359049847168e51bd1c690e0f70056
  SDWebImage: b969dcfc02c40a5da71eac0b03b8f1a0c794a86f
  SDWebImageWebPCoder: fac2821bf5a6642a73979d0962dbed5eac45a605
  SwiftyJSON: 36413e04c44ee145039d332b4f4e2d3e8d6c4db7
  SWRevealViewController: 6d3fd97f70112fd7cef9de14df4260eacce4c63a
  XLPagerTabStrip: 63166e21c9844fa30f2d95d30f335e73be5caf22

PODFILE CHECKSUM: 8ac12294b19cb63ba8051c91ea39697da692ab0d

COCOAPODS: 1.10.1
